
Microsoft Visual Studio Solution File, Format Version 12.00
# Visual Studio Version 16
VisualStudioVersion = 16.0.32228.343
MinimumVisualStudioVersion = 10.0.40219.1
Project("{8BC9CEB8-8B4A-11D0-8D11-00A0C91BC942}") = "21061231089练习", "21061231089练习\21061231089练习.vcxproj", "{84DA272E-2D26-4A39-A615-5317B70D6BD8}"
EndProject
Global
	GlobalSection(SolutionConfigurationPlatforms) = preSolution
		Debug|x64 = Debug|x64
		Debug|x86 = Debug|x86
		Release|x64 = Release|x64
		Release|x86 = Release|x86
	EndGlobalSection
	GlobalSection(ProjectConfigurationPlatforms) = postSolution
		{84DA272E-2D26-4A39-A615-5317B70D6BD8}.Debug|x64.ActiveCfg = Debug|x64
		{84DA272E-2D26-4A39-A615-5317B70D6BD8}.Debug|x64.Build.0 = Debug|x64
		{84DA272E-2D26-4A39-A615-5317B70D6BD8}.Debug|x86.ActiveCfg = Debug|Win32
		{84DA272E-2D26-4A39-A615-5317B70D6BD8}.Debug|x86.Build.0 = Debug|Win32
		{84DA272E-2D26-4A39-A615-5317B70D6BD8}.Release|x64.ActiveCfg = Release|x64
		{84DA272E-2D26-4A39-A615-5317B70D6BD8}.Release|x64.Build.0 = Release|x64
		{84DA272E-2D26-4A39-A615-5317B70D6BD8}.Release|x86.ActiveCfg = Release|Win32
		{84DA272E-2D26-4A39-A615-5317B70D6BD8}.Release|x86.Build.0 = Release|Win32
	EndGlobalSection
	GlobalSection(SolutionProperties) = preSolution
		HideSolutionNode = FALSE
	EndGlobalSection
	GlobalSection(ExtensibilityGlobals) = postSolution
		SolutionGuid = {12B98F24-006F-4A19-9610-B204CA02033D}
	EndGlobalSection
EndGlobal
