
Microsoft Visual Studio Solution File, Format Version 12.00
# Visual Studio Version 16
VisualStudioVersion = 16.0.32228.343
MinimumVisualStudioVersion = 10.0.40219.1
Project("{8BC9CEB8-8B4A-11D0-8D11-00A0C91BC942}") = "21061231141  动态数组和", "21061231141  动态数组和\21061231141  动态数组和.vcxproj", "{A9A2B949-8004-4FB1-8A73-2FCEA2B64FF5}"
EndProject
Global
	GlobalSection(SolutionConfigurationPlatforms) = preSolution
		Debug|x64 = Debug|x64
		Debug|x86 = Debug|x86
		Release|x64 = Release|x64
		Release|x86 = Release|x86
	EndGlobalSection
	GlobalSection(ProjectConfigurationPlatforms) = postSolution
		{A9A2B949-8004-4FB1-8A73-2FCEA2B64FF5}.Debug|x64.ActiveCfg = Debug|x64
		{A9A2B949-8004-4FB1-8A73-2FCEA2B64FF5}.Debug|x64.Build.0 = Debug|x64
		{A9A2B949-8004-4FB1-8A73-2FCEA2B64FF5}.Debug|x86.ActiveCfg = Debug|Win32
		{A9A2B949-8004-4FB1-8A73-2FCEA2B64FF5}.Debug|x86.Build.0 = Debug|Win32
		{A9A2B949-8004-4FB1-8A73-2FCEA2B64FF5}.Release|x64.ActiveCfg = Release|x64
		{A9A2B949-8004-4FB1-8A73-2FCEA2B64FF5}.Release|x64.Build.0 = Release|x64
		{A9A2B949-8004-4FB1-8A73-2FCEA2B64FF5}.Release|x86.ActiveCfg = Release|Win32
		{A9A2B949-8004-4FB1-8A73-2FCEA2B64FF5}.Release|x86.Build.0 = Release|Win32
	EndGlobalSection
	GlobalSection(SolutionProperties) = preSolution
		HideSolutionNode = FALSE
	EndGlobalSection
	GlobalSection(ExtensibilityGlobals) = postSolution
		SolutionGuid = {BB4CBBF9-33C6-46F9-BBAC-2D4950A2A5C5}
	EndGlobalSection
EndGlobal
