
Microsoft Visual Studio Solution File, Format Version 12.00
# Visual Studio Version 16
VisualStudioVersion = 16.0.32228.343
MinimumVisualStudioVersion = 10.0.40219.1
Project("{8BC9CEB8-8B4A-11D0-8D11-00A0C91BC942}") = "21061231136 c++ 8_29", "21061231136 c++ 8_29\21061231136 c++ 8_29.vcxproj", "{E83B6FF7-E08F-4EF3-A50E-6F2E154E03AF}"
EndProject
Global
	GlobalSection(SolutionConfigurationPlatforms) = preSolution
		Debug|x64 = Debug|x64
		Debug|x86 = Debug|x86
		Release|x64 = Release|x64
		Release|x86 = Release|x86
	EndGlobalSection
	GlobalSection(ProjectConfigurationPlatforms) = postSolution
		{E83B6FF7-E08F-4EF3-A50E-6F2E154E03AF}.Debug|x64.ActiveCfg = Debug|x64
		{E83B6FF7-E08F-4EF3-A50E-6F2E154E03AF}.Debug|x64.Build.0 = Debug|x64
		{E83B6FF7-E08F-4EF3-A50E-6F2E154E03AF}.Debug|x86.ActiveCfg = Debug|Win32
		{E83B6FF7-E08F-4EF3-A50E-6F2E154E03AF}.Debug|x86.Build.0 = Debug|Win32
		{E83B6FF7-E08F-4EF3-A50E-6F2E154E03AF}.Release|x64.ActiveCfg = Release|x64
		{E83B6FF7-E08F-4EF3-A50E-6F2E154E03AF}.Release|x64.Build.0 = Release|x64
		{E83B6FF7-E08F-4EF3-A50E-6F2E154E03AF}.Release|x86.ActiveCfg = Release|Win32
		{E83B6FF7-E08F-4EF3-A50E-6F2E154E03AF}.Release|x86.Build.0 = Release|Win32
	EndGlobalSection
	GlobalSection(SolutionProperties) = preSolution
		HideSolutionNode = FALSE
	EndGlobalSection
	GlobalSection(ExtensibilityGlobals) = postSolution
		SolutionGuid = {33A25333-9D1C-43AD-9F0E-05E5690236D5}
	EndGlobalSection
EndGlobal
