
Microsoft Visual Studio Solution File, Format Version 12.00
# Visual Studio Version 16
VisualStudioVersion = 16.0.32228.343
MinimumVisualStudioVersion = 10.0.40219.1
Project("{8BC9CEB8-8B4A-11D0-8D11-00A0C91BC942}") = "210612083offsetof模拟实现", "210612083offsetof模拟实现\210612083offsetof模拟实现.vcxproj", "{1ACDE295-5BEC-42ED-A506-18EB99B0EAEF}"
EndProject
Global
	GlobalSection(SolutionConfigurationPlatforms) = preSolution
		Debug|x64 = Debug|x64
		Debug|x86 = Debug|x86
		Release|x64 = Release|x64
		Release|x86 = Release|x86
	EndGlobalSection
	GlobalSection(ProjectConfigurationPlatforms) = postSolution
		{1ACDE295-5BEC-42ED-A506-18EB99B0EAEF}.Debug|x64.ActiveCfg = Debug|x64
		{1ACDE295-5BEC-42ED-A506-18EB99B0EAEF}.Debug|x64.Build.0 = Debug|x64
		{1ACDE295-5BEC-42ED-A506-18EB99B0EAEF}.Debug|x86.ActiveCfg = Debug|Win32
		{1ACDE295-5BEC-42ED-A506-18EB99B0EAEF}.Debug|x86.Build.0 = Debug|Win32
		{1ACDE295-5BEC-42ED-A506-18EB99B0EAEF}.Release|x64.ActiveCfg = Release|x64
		{1ACDE295-5BEC-42ED-A506-18EB99B0EAEF}.Release|x64.Build.0 = Release|x64
		{1ACDE295-5BEC-42ED-A506-18EB99B0EAEF}.Release|x86.ActiveCfg = Release|Win32
		{1ACDE295-5BEC-42ED-A506-18EB99B0EAEF}.Release|x86.Build.0 = Release|Win32
	EndGlobalSection
	GlobalSection(SolutionProperties) = preSolution
		HideSolutionNode = FALSE
	EndGlobalSection
	GlobalSection(ExtensibilityGlobals) = postSolution
		SolutionGuid = {0A52700C-C70C-4426-89C8-3D261E91CC98}
	EndGlobalSection
EndGlobal
