
Microsoft Visual Studio Solution File, Format Version 12.00
# Visual Studio Version 16
VisualStudioVersion = 16.0.32126.315
MinimumVisualStudioVersion = 10.0.40219.1
Project("{8BC9CEB8-8B4A-11D0-8D11-00A0C91BC942}") = "21061231045作业2", "21061231045作业2\21061231045作业2.vcxproj", "{60149DA8-C089-44B0-904E-2FEAD073734F}"
EndProject
Global
	GlobalSection(SolutionConfigurationPlatforms) = preSolution
		Debug|x64 = Debug|x64
		Debug|x86 = Debug|x86
		Release|x64 = Release|x64
		Release|x86 = Release|x86
	EndGlobalSection
	GlobalSection(ProjectConfigurationPlatforms) = postSolution
		{60149DA8-C089-44B0-904E-2FEAD073734F}.Debug|x64.ActiveCfg = Debug|x64
		{60149DA8-C089-44B0-904E-2FEAD073734F}.Debug|x64.Build.0 = Debug|x64
		{60149DA8-C089-44B0-904E-2FEAD073734F}.Debug|x86.ActiveCfg = Debug|Win32
		{60149DA8-C089-44B0-904E-2FEAD073734F}.Debug|x86.Build.0 = Debug|Win32
		{60149DA8-C089-44B0-904E-2FEAD073734F}.Release|x64.ActiveCfg = Release|x64
		{60149DA8-C089-44B0-904E-2FEAD073734F}.Release|x64.Build.0 = Release|x64
		{60149DA8-C089-44B0-904E-2FEAD073734F}.Release|x86.ActiveCfg = Release|Win32
		{60149DA8-C089-44B0-904E-2FEAD073734F}.Release|x86.Build.0 = Release|Win32
	EndGlobalSection
	GlobalSection(SolutionProperties) = preSolution
		HideSolutionNode = FALSE
	EndGlobalSection
	GlobalSection(ExtensibilityGlobals) = postSolution
		SolutionGuid = {6E8F3B78-FD69-4B49-BD65-61FCEBCEBDEA}
	EndGlobalSection
EndGlobal
