
Microsoft Visual Studio Solution File, Format Version 12.00
# Visual Studio Version 16
VisualStudioVersion = 16.0.32228.343
MinimumVisualStudioVersion = 10.0.40219.1
Project("{8BC9CEB8-8B4A-11D0-8D11-00A0C91BC942}") = "21061231150 test 9_11", "21061231150 test 9_11\21061231150 test 9_11.vcxproj", "{474FB8A2-8A2C-45F3-AA51-34C24F808833}"
EndProject
Global
	GlobalSection(SolutionConfigurationPlatforms) = preSolution
		Debug|x64 = Debug|x64
		Debug|x86 = Debug|x86
		Release|x64 = Release|x64
		Release|x86 = Release|x86
	EndGlobalSection
	GlobalSection(ProjectConfigurationPlatforms) = postSolution
		{474FB8A2-8A2C-45F3-AA51-34C24F808833}.Debug|x64.ActiveCfg = Debug|x64
		{474FB8A2-8A2C-45F3-AA51-34C24F808833}.Debug|x64.Build.0 = Debug|x64
		{474FB8A2-8A2C-45F3-AA51-34C24F808833}.Debug|x86.ActiveCfg = Debug|Win32
		{474FB8A2-8A2C-45F3-AA51-34C24F808833}.Debug|x86.Build.0 = Debug|Win32
		{474FB8A2-8A2C-45F3-AA51-34C24F808833}.Release|x64.ActiveCfg = Release|x64
		{474FB8A2-8A2C-45F3-AA51-34C24F808833}.Release|x64.Build.0 = Release|x64
		{474FB8A2-8A2C-45F3-AA51-34C24F808833}.Release|x86.ActiveCfg = Release|Win32
		{474FB8A2-8A2C-45F3-AA51-34C24F808833}.Release|x86.Build.0 = Release|Win32
	EndGlobalSection
	GlobalSection(SolutionProperties) = preSolution
		HideSolutionNode = FALSE
	EndGlobalSection
	GlobalSection(ExtensibilityGlobals) = postSolution
		SolutionGuid = {9A4511E7-A28A-4F7F-85B5-B7EEEDFB07CF}
	EndGlobalSection
EndGlobal
