
Microsoft Visual Studio Solution File, Format Version 12.00
# Visual Studio Version 16
VisualStudioVersion = 16.0.32228.343
MinimumVisualStudioVersion = 10.0.40219.1
Project("{8BC9CEB8-8B4A-11D0-8D11-00A0C91BC942}") = "21061231147 test 9_6", "21061231147 test 9_6\21061231147 test 9_6.vcxproj", "{557A58BA-552F-4ABF-A632-24B3080D6497}"
EndProject
Global
	GlobalSection(SolutionConfigurationPlatforms) = preSolution
		Debug|x64 = Debug|x64
		Debug|x86 = Debug|x86
		Release|x64 = Release|x64
		Release|x86 = Release|x86
	EndGlobalSection
	GlobalSection(ProjectConfigurationPlatforms) = postSolution
		{557A58BA-552F-4ABF-A632-24B3080D6497}.Debug|x64.ActiveCfg = Debug|x64
		{557A58BA-552F-4ABF-A632-24B3080D6497}.Debug|x64.Build.0 = Debug|x64
		{557A58BA-552F-4ABF-A632-24B3080D6497}.Debug|x86.ActiveCfg = Debug|Win32
		{557A58BA-552F-4ABF-A632-24B3080D6497}.Debug|x86.Build.0 = Debug|Win32
		{557A58BA-552F-4ABF-A632-24B3080D6497}.Release|x64.ActiveCfg = Release|x64
		{557A58BA-552F-4ABF-A632-24B3080D6497}.Release|x64.Build.0 = Release|x64
		{557A58BA-552F-4ABF-A632-24B3080D6497}.Release|x86.ActiveCfg = Release|Win32
		{557A58BA-552F-4ABF-A632-24B3080D6497}.Release|x86.Build.0 = Release|Win32
	EndGlobalSection
	GlobalSection(SolutionProperties) = preSolution
		HideSolutionNode = FALSE
	EndGlobalSection
	GlobalSection(ExtensibilityGlobals) = postSolution
		SolutionGuid = {C0FA6391-7979-4617-84C2-A2D095F2B028}
	EndGlobalSection
EndGlobal
