
Microsoft Visual Studio Solution File, Format Version 12.00
# Visual Studio Version 16
VisualStudioVersion = 16.0.32228.343
MinimumVisualStudioVersion = 10.0.40219.1
Project("{8BC9CEB8-8B4A-11D0-8D11-00A0C91BC942}") = "21061231223   test 1_3", "21061231223   test 1_3\21061231223   test 1_3.vcxproj", "{4B75E384-29D0-4B27-94FE-CECA4FA193B7}"
EndProject
Global
	GlobalSection(SolutionConfigurationPlatforms) = preSolution
		Debug|x64 = Debug|x64
		Debug|x86 = Debug|x86
		Release|x64 = Release|x64
		Release|x86 = Release|x86
	EndGlobalSection
	GlobalSection(ProjectConfigurationPlatforms) = postSolution
		{4B75E384-29D0-4B27-94FE-CECA4FA193B7}.Debug|x64.ActiveCfg = Debug|x64
		{4B75E384-29D0-4B27-94FE-CECA4FA193B7}.Debug|x64.Build.0 = Debug|x64
		{4B75E384-29D0-4B27-94FE-CECA4FA193B7}.Debug|x86.ActiveCfg = Debug|Win32
		{4B75E384-29D0-4B27-94FE-CECA4FA193B7}.Debug|x86.Build.0 = Debug|Win32
		{4B75E384-29D0-4B27-94FE-CECA4FA193B7}.Release|x64.ActiveCfg = Release|x64
		{4B75E384-29D0-4B27-94FE-CECA4FA193B7}.Release|x64.Build.0 = Release|x64
		{4B75E384-29D0-4B27-94FE-CECA4FA193B7}.Release|x86.ActiveCfg = Release|Win32
		{4B75E384-29D0-4B27-94FE-CECA4FA193B7}.Release|x86.Build.0 = Release|Win32
	EndGlobalSection
	GlobalSection(SolutionProperties) = preSolution
		HideSolutionNode = FALSE
	EndGlobalSection
	GlobalSection(ExtensibilityGlobals) = postSolution
		SolutionGuid = {41D28F17-451A-45AE-9298-AC12DE4EEA76}
	EndGlobalSection
EndGlobal
