
Microsoft Visual Studio Solution File, Format Version 12.00
# Visual Studio Version 16
VisualStudioVersion = 16.0.32228.343
MinimumVisualStudioVersion = 10.0.40219.1
Project("{8BC9CEB8-8B4A-11D0-8D11-00A0C91BC942}") = "21061231236  test  1_31", "21061231236  test  1_31\21061231236  test  1_31.vcxproj", "{5C6128BF-1CC1-428D-AEB7-C58014A614C6}"
EndProject
Global
	GlobalSection(SolutionConfigurationPlatforms) = preSolution
		Debug|x64 = Debug|x64
		Debug|x86 = Debug|x86
		Release|x64 = Release|x64
		Release|x86 = Release|x86
	EndGlobalSection
	GlobalSection(ProjectConfigurationPlatforms) = postSolution
		{5C6128BF-1CC1-428D-AEB7-C58014A614C6}.Debug|x64.ActiveCfg = Debug|x64
		{5C6128BF-1CC1-428D-AEB7-C58014A614C6}.Debug|x64.Build.0 = Debug|x64
		{5C6128BF-1CC1-428D-AEB7-C58014A614C6}.Debug|x86.ActiveCfg = Debug|Win32
		{5C6128BF-1CC1-428D-AEB7-C58014A614C6}.Debug|x86.Build.0 = Debug|Win32
		{5C6128BF-1CC1-428D-AEB7-C58014A614C6}.Release|x64.ActiveCfg = Release|x64
		{5C6128BF-1CC1-428D-AEB7-C58014A614C6}.Release|x64.Build.0 = Release|x64
		{5C6128BF-1CC1-428D-AEB7-C58014A614C6}.Release|x86.ActiveCfg = Release|Win32
		{5C6128BF-1CC1-428D-AEB7-C58014A614C6}.Release|x86.Build.0 = Release|Win32
	EndGlobalSection
	GlobalSection(SolutionProperties) = preSolution
		HideSolutionNode = FALSE
	EndGlobalSection
	GlobalSection(ExtensibilityGlobals) = postSolution
		SolutionGuid = {9E9C50CE-4369-49F3-8132-7DEE20F53F37}
	EndGlobalSection
EndGlobal
