
Microsoft Visual Studio Solution File, Format Version 12.00
# Visual Studio Version 16
VisualStudioVersion = 16.0.32126.315
MinimumVisualStudioVersion = 10.0.40219.1
Project("{8BC9CEB8-8B4A-11D0-8D11-00A0C91BC942}") = "21061231039计算一个的二进制中有多少个1", "21061231039计算一个的二进制中有多少个1\21061231039计算一个的二进制中有多少个1.vcxproj", "{C5E23AF0-3282-4703-8DA4-AFBF562F2099}"
EndProject
Global
	GlobalSection(SolutionConfigurationPlatforms) = preSolution
		Debug|x64 = Debug|x64
		Debug|x86 = Debug|x86
		Release|x64 = Release|x64
		Release|x86 = Release|x86
	EndGlobalSection
	GlobalSection(ProjectConfigurationPlatforms) = postSolution
		{C5E23AF0-3282-4703-8DA4-AFBF562F2099}.Debug|x64.ActiveCfg = Debug|x64
		{C5E23AF0-3282-4703-8DA4-AFBF562F2099}.Debug|x64.Build.0 = Debug|x64
		{C5E23AF0-3282-4703-8DA4-AFBF562F2099}.Debug|x86.ActiveCfg = Debug|Win32
		{C5E23AF0-3282-4703-8DA4-AFBF562F2099}.Debug|x86.Build.0 = Debug|Win32
		{C5E23AF0-3282-4703-8DA4-AFBF562F2099}.Release|x64.ActiveCfg = Release|x64
		{C5E23AF0-3282-4703-8DA4-AFBF562F2099}.Release|x64.Build.0 = Release|x64
		{C5E23AF0-3282-4703-8DA4-AFBF562F2099}.Release|x86.ActiveCfg = Release|Win32
		{C5E23AF0-3282-4703-8DA4-AFBF562F2099}.Release|x86.Build.0 = Release|Win32
	EndGlobalSection
	GlobalSection(SolutionProperties) = preSolution
		HideSolutionNode = FALSE
	EndGlobalSection
	GlobalSection(ExtensibilityGlobals) = postSolution
		SolutionGuid = {269C1960-0D71-4F61-A99E-223D8AB498BA}
	EndGlobalSection
EndGlobal
