
Microsoft Visual Studio Solution File, Format Version 12.00
# Visual Studio Version 16
VisualStudioVersion = 16.0.32228.343
MinimumVisualStudioVersion = 10.0.40219.1
Project("{8BC9CEB8-8B4A-11D0-8D11-00A0C91BC942}") = "21061231142 纯虚函数和多态", "21061231142 纯虚函数和多态\21061231142 纯虚函数和多态.vcxproj", "{215F4589-8850-491D-97B7-771DB848BEA0}"
EndProject
Global
	GlobalSection(SolutionConfigurationPlatforms) = preSolution
		Debug|x64 = Debug|x64
		Debug|x86 = Debug|x86
		Release|x64 = Release|x64
		Release|x86 = Release|x86
	EndGlobalSection
	GlobalSection(ProjectConfigurationPlatforms) = postSolution
		{215F4589-8850-491D-97B7-771DB848BEA0}.Debug|x64.ActiveCfg = Debug|x64
		{215F4589-8850-491D-97B7-771DB848BEA0}.Debug|x64.Build.0 = Debug|x64
		{215F4589-8850-491D-97B7-771DB848BEA0}.Debug|x86.ActiveCfg = Debug|Win32
		{215F4589-8850-491D-97B7-771DB848BEA0}.Debug|x86.Build.0 = Debug|Win32
		{215F4589-8850-491D-97B7-771DB848BEA0}.Release|x64.ActiveCfg = Release|x64
		{215F4589-8850-491D-97B7-771DB848BEA0}.Release|x64.Build.0 = Release|x64
		{215F4589-8850-491D-97B7-771DB848BEA0}.Release|x86.ActiveCfg = Release|Win32
		{215F4589-8850-491D-97B7-771DB848BEA0}.Release|x86.Build.0 = Release|Win32
	EndGlobalSection
	GlobalSection(SolutionProperties) = preSolution
		HideSolutionNode = FALSE
	EndGlobalSection
	GlobalSection(ExtensibilityGlobals) = postSolution
		SolutionGuid = {E8F2A4A5-A8C8-4184-BAAD-95FD394711BC}
	EndGlobalSection
EndGlobal
